// !$*UTF8*$!
{
	archiveVersion = 1;
	classes = {
	};
	objectVersion = 46;
	objects = {

/* Begin PBXBuildFile section */
		5D15521C1F4446740032947F /* JGUIWebViewController.m in Sources */ = {isa = PBXBuildFile; fileRef = 5D15521B1F4446740032947F /* JGUIWebViewController.m */; };
		5D15521F1F44467E0032947F /* JGWKWebViewController.m in Sources */ = {isa = PBXBuildFile; fileRef = 5D15521E1F44467E0032947F /* JGWKWebViewController.m */; };
		5D1861E01F340058006F915B /* main.m in Sources */ = {isa = PBXBuildFile; fileRef = 5D1861DF1F340058006F915B /* main.m */; };
		5D1861E31F340058006F915B /* AppDelegate.m in Sources */ = {isa = PBXBuildFile; fileRef = 5D1861E21F340058006F915B /* AppDelegate.m */; };
		5D1861E61F340058006F915B /* ViewController.m in Sources */ = {isa = PBXBuildFile; fileRef = 5D1861E51F340058006F915B /* ViewController.m */; };
		5D1861E91F340058006F915B /* Main.storyboard in Resources */ = {isa = PBXBuildFile; fileRef = 5D1861E71F340058006F915B /* Main.storyboard */; };
		5D1861EB1F340058006F915B /* Assets.xcassets in Resources */ = {isa = PBXBuildFile; fileRef = 5D1861EA1F340058006F915B /* Assets.xcassets */; };
		5D1861EE1F340058006F915B /* LaunchScreen.storyboard in Resources */ = {isa = PBXBuildFile; fileRef = 5D1861EC1F340058006F915B /* LaunchScreen.storyboard */; };
		5D1861F91F340058006F915B /* JGWebViewTests.m in Sources */ = {isa = PBXBuildFile; fileRef = 5D1861F81F340058006F915B /* JGWebViewTests.m */; };
		5D1862041F340058006F915B /* JGWebViewUITests.m in Sources */ = {isa = PBXBuildFile; fileRef = 5D1862031F340058006F915B /* JGWebViewUITests.m */; };
		5D85FBEF1F458E1C008091E3 /* JGCustomToolBarVC.m in Sources */ = {isa = PBXBuildFile; fileRef = 5D85FBEE1F458E1C008091E3 /* JGCustomToolBarVC.m */; };
		5D85FBF21F4599AC008091E3 /* JGWebViewNormalUseVC.m in Sources */ = {isa = PBXBuildFile; fileRef = 5D85FBF11F4599AC008091E3 /* JGWebViewNormalUseVC.m */; };
		5D85FC801F45A37A008091E3 /* JGLoadingEngine.m in Sources */ = {isa = PBXBuildFile; fileRef = 5D85FC451F45A37A008091E3 /* JGLoadingEngine.m */; };
		5D85FC811F45A37A008091E3 /* JGLineLoadingFactory.m in Sources */ = {isa = PBXBuildFile; fileRef = 5D85FC4A1F45A37A008091E3 /* JGLineLoadingFactory.m */; };
		5D85FC821F45A37A008091E3 /* JGLineLoadingView.m in Sources */ = {isa = PBXBuildFile; fileRef = 5D85FC4D1F45A37A008091E3 /* JGLineLoadingView.m */; };
		5D85FC831F45A37A008091E3 /* JGRoundLoadingFactory.m in Sources */ = {isa = PBXBuildFile; fileRef = 5D85FC511F45A37A008091E3 /* JGRoundLoadingFactory.m */; };
		5D85FC841F45A37A008091E3 /* JGRoundLoadingView.m in Sources */ = {isa = PBXBuildFile; fileRef = 5D85FC541F45A37A008091E3 /* JGRoundLoadingView.m */; };
		5D85FC851F45A37A008091E3 /* JGWebViewEngine.m in Sources */ = {isa = PBXBuildFile; fileRef = 5D85FC5B1F45A37A008091E3 /* JGWebViewEngine.m */; };
		5D85FC861F45A37A008091E3 /* JGWebViewResources.bundle in Resources */ = {isa = PBXBuildFile; fileRef = 5D85FC5D1F45A37A008091E3 /* JGWebViewResources.bundle */; };
		5D85FC871F45A37A008091E3 /* JGWebViewToolBar.m in Sources */ = {isa = PBXBuildFile; fileRef = 5D85FC601F45A37A008091E3 /* JGWebViewToolBar.m */; };
		5D85FC881F45A37A008091E3 /* JGUIWebViewFactory.m in Sources */ = {isa = PBXBuildFile; fileRef = 5D85FC6D1F45A37A008091E3 /* JGUIWebViewFactory.m */; };
		5D85FC891F45A37A008091E3 /* JGUIWebView.m in Sources */ = {isa = PBXBuildFile; fileRef = 5D85FC701F45A37A008091E3 /* JGUIWebView.m */; };
		5D85FC8A1F45A37A008091E3 /* NSHTTPCookie+JG.m in Sources */ = {isa = PBXBuildFile; fileRef = 5D85FC731F45A37A008091E3 /* NSHTTPCookie+JG.m */; };
		5D85FC8B1F45A37A008091E3 /* UIWebView+JG.m in Sources */ = {isa = PBXBuildFile; fileRef = 5D85FC751F45A37A008091E3 /* UIWebView+JG.m */; };
		5D85FC8C1F45A37A008091E3 /* JGWKWebViewFactory.m in Sources */ = {isa = PBXBuildFile; fileRef = 5D85FC791F45A37A008091E3 /* JGWKWebViewFactory.m */; };
		5D85FC8D1F45A37A008091E3 /* JGWKWebView.m in Sources */ = {isa = PBXBuildFile; fileRef = 5D85FC7C1F45A37A008091E3 /* JGWKWebView.m */; };
		5D85FC8E1F45A37A008091E3 /* JGWebViewController.m in Sources */ = {isa = PBXBuildFile; fileRef = 5D85FC7F1F45A37A008091E3 /* JGWebViewController.m */; };
/* End PBXBuildFile section */

/* Begin PBXContainerItemProxy section */
		5D1861F51F340058006F915B /* PBXContainerItemProxy */ = {
			isa = PBXContainerItemProxy;
			containerPortal = 5D1861D31F340058006F915B /* Project object */;
			proxyType = 1;
			remoteGlobalIDString = 5D1861DA1F340058006F915B;
			remoteInfo = JGWebView;
		};
		5D1862001F340058006F915B /* PBXContainerItemProxy */ = {
			isa = PBXContainerItemProxy;
			containerPortal = 5D1861D31F340058006F915B /* Project object */;
			proxyType = 1;
			remoteGlobalIDString = 5D1861DA1F340058006F915B;
			remoteInfo = JGWebView;
		};
/* End PBXContainerItemProxy section */

/* Begin PBXFileReference section */
		5D15521A1F4446740032947F /* JGUIWebViewController.h */ = {isa = PBXFileReference; fileEncoding = 4; lastKnownFileType = sourcecode.c.h; path = JGUIWebViewController.h; sourceTree = "<group>"; };
		5D15521B1F4446740032947F /* JGUIWebViewController.m */ = {isa = PBXFileReference; fileEncoding = 4; lastKnownFileType = sourcecode.c.objc; path = JGUIWebViewController.m; sourceTree = "<group>"; };
		5D15521D1F44467E0032947F /* JGWKWebViewController.h */ = {isa = PBXFileReference; fileEncoding = 4; lastKnownFileType = sourcecode.c.h; path = JGWKWebViewController.h; sourceTree = "<group>"; };
		5D15521E1F44467E0032947F /* JGWKWebViewController.m */ = {isa = PBXFileReference; fileEncoding = 4; lastKnownFileType = sourcecode.c.objc; path = JGWKWebViewController.m; sourceTree = "<group>"; };
		5D1861DB1F340058006F915B /* JGWebView.app */ = {isa = PBXFileReference; explicitFileType = wrapper.application; includeInIndex = 0; path = JGWebView.app; sourceTree = BUILT_PRODUCTS_DIR; };
		5D1861DF1F340058006F915B /* main.m */ = {isa = PBXFileReference; lastKnownFileType = sourcecode.c.objc; path = main.m; sourceTree = "<group>"; };
		5D1861E11F340058006F915B /* AppDelegate.h */ = {isa = PBXFileReference; lastKnownFileType = sourcecode.c.h; path = AppDelegate.h; sourceTree = "<group>"; };
		5D1861E21F340058006F915B /* AppDelegate.m */ = {isa = PBXFileReference; lastKnownFileType = sourcecode.c.objc; path = AppDelegate.m; sourceTree = "<group>"; };
		5D1861E41F340058006F915B /* ViewController.h */ = {isa = PBXFileReference; lastKnownFileType = sourcecode.c.h; path = ViewController.h; sourceTree = "<group>"; };
		5D1861E51F340058006F915B /* ViewController.m */ = {isa = PBXFileReference; lastKnownFileType = sourcecode.c.objc; path = ViewController.m; sourceTree = "<group>"; };
		5D1861E81F340058006F915B /* Base */ = {isa = PBXFileReference; lastKnownFileType = file.storyboard; name = Base; path = Base.lproj/Main.storyboard; sourceTree = "<group>"; };
		5D1861EA1F340058006F915B /* Assets.xcassets */ = {isa = PBXFileReference; lastKnownFileType = folder.assetcatalog; path = Assets.xcassets; sourceTree = "<group>"; };
		5D1861ED1F340058006F915B /* Base */ = {isa = PBXFileReference; lastKnownFileType = file.storyboard; name = Base; path = Base.lproj/LaunchScreen.storyboard; sourceTree = "<group>"; };
		5D1861EF1F340058006F915B /* Info.plist */ = {isa = PBXFileReference; lastKnownFileType = text.plist.xml; path = Info.plist; sourceTree = "<group>"; };
		5D1861F41F340058006F915B /* JGWebViewTests.xctest */ = {isa = PBXFileReference; explicitFileType = wrapper.cfbundle; includeInIndex = 0; path = JGWebViewTests.xctest; sourceTree = BUILT_PRODUCTS_DIR; };
		5D1861F81F340058006F915B /* JGWebViewTests.m */ = {isa = PBXFileReference; lastKnownFileType = sourcecode.c.objc; path = JGWebViewTests.m; sourceTree = "<group>"; };
		5D1861FA1F340058006F915B /* Info.plist */ = {isa = PBXFileReference; lastKnownFileType = text.plist.xml; path = Info.plist; sourceTree = "<group>"; };
		5D1861FF1F340058006F915B /* JGWebViewUITests.xctest */ = {isa = PBXFileReference; explicitFileType = wrapper.cfbundle; includeInIndex = 0; path = JGWebViewUITests.xctest; sourceTree = BUILT_PRODUCTS_DIR; };
		5D1862031F340058006F915B /* JGWebViewUITests.m */ = {isa = PBXFileReference; lastKnownFileType = sourcecode.c.objc; path = JGWebViewUITests.m; sourceTree = "<group>"; };
		5D1862051F340058006F915B /* Info.plist */ = {isa = PBXFileReference; lastKnownFileType = text.plist.xml; path = Info.plist; sourceTree = "<group>"; };
		5D85FBED1F458E1C008091E3 /* JGCustomToolBarVC.h */ = {isa = PBXFileReference; fileEncoding = 4; lastKnownFileType = sourcecode.c.h; path = JGCustomToolBarVC.h; sourceTree = "<group>"; };
		5D85FBEE1F458E1C008091E3 /* JGCustomToolBarVC.m */ = {isa = PBXFileReference; fileEncoding = 4; lastKnownFileType = sourcecode.c.objc; path = JGCustomToolBarVC.m; sourceTree = "<group>"; };
		5D85FBF01F4599AC008091E3 /* JGWebViewNormalUseVC.h */ = {isa = PBXFileReference; fileEncoding = 4; lastKnownFileType = sourcecode.c.h; path = JGWebViewNormalUseVC.h; sourceTree = "<group>"; };
		5D85FBF11F4599AC008091E3 /* JGWebViewNormalUseVC.m */ = {isa = PBXFileReference; fileEncoding = 4; lastKnownFileType = sourcecode.c.objc; path = JGWebViewNormalUseVC.m; sourceTree = "<group>"; };
		5D85FC441F45A37A008091E3 /* JGLoadingEngine.h */ = {isa = PBXFileReference; fileEncoding = 4; lastKnownFileType = sourcecode.c.h; path = JGLoadingEngine.h; sourceTree = "<group>"; };
		5D85FC451F45A37A008091E3 /* JGLoadingEngine.m */ = {isa = PBXFileReference; fileEncoding = 4; lastKnownFileType = sourcecode.c.objc; path = JGLoadingEngine.m; sourceTree = "<group>"; };
		5D85FC491F45A37A008091E3 /* JGLineLoadingFactory.h */ = {isa = PBXFileReference; fileEncoding = 4; lastKnownFileType = sourcecode.c.h; path = JGLineLoadingFactory.h; sourceTree = "<group>"; };
		5D85FC4A1F45A37A008091E3 /* JGLineLoadingFactory.m */ = {isa = PBXFileReference; fileEncoding = 4; lastKnownFileType = sourcecode.c.objc; path = JGLineLoadingFactory.m; sourceTree = "<group>"; };
		5D85FC4C1F45A37A008091E3 /* JGLineLoadingView.h */ = {isa = PBXFileReference; fileEncoding = 4; lastKnownFileType = sourcecode.c.h; path = JGLineLoadingView.h; sourceTree = "<group>"; };
		5D85FC4D1F45A37A008091E3 /* JGLineLoadingView.m */ = {isa = PBXFileReference; fileEncoding = 4; lastKnownFileType = sourcecode.c.objc; path = JGLineLoadingView.m; sourceTree = "<group>"; };
		5D85FC501F45A37A008091E3 /* JGRoundLoadingFactory.h */ = {isa = PBXFileReference; fileEncoding = 4; lastKnownFileType = sourcecode.c.h; path = JGRoundLoadingFactory.h; sourceTree = "<group>"; };
		5D85FC511F45A37A008091E3 /* JGRoundLoadingFactory.m */ = {isa = PBXFileReference; fileEncoding = 4; lastKnownFileType = sourcecode.c.objc; path = JGRoundLoadingFactory.m; sourceTree = "<group>"; };
		5D85FC531F45A37A008091E3 /* JGRoundLoadingView.h */ = {isa = PBXFileReference; fileEncoding = 4; lastKnownFileType = sourcecode.c.h; path = JGRoundLoadingView.h; sourceTree = "<group>"; };
		5D85FC541F45A37A008091E3 /* JGRoundLoadingView.m */ = {isa = PBXFileReference; fileEncoding = 4; lastKnownFileType = sourcecode.c.objc; path = JGRoundLoadingView.m; sourceTree = "<group>"; };
		5D85FC561F45A37A008091E3 /* JGLoadingFactory.h */ = {isa = PBXFileReference; fileEncoding = 4; lastKnownFileType = sourcecode.c.h; path = JGLoadingFactory.h; sourceTree = "<group>"; };
		5D85FC571F45A37A008091E3 /* JGLoadingView.h */ = {isa = PBXFileReference; fileEncoding = 4; lastKnownFileType = sourcecode.c.h; path = JGLoadingView.h; sourceTree = "<group>"; };
		5D85FC5A1F45A37A008091E3 /* JGWebViewEngine.h */ = {isa = PBXFileReference; fileEncoding = 4; lastKnownFileType = sourcecode.c.h; path = JGWebViewEngine.h; sourceTree = "<group>"; };
		5D85FC5B1F45A37A008091E3 /* JGWebViewEngine.m */ = {isa = PBXFileReference; fileEncoding = 4; lastKnownFileType = sourcecode.c.objc; path = JGWebViewEngine.m; sourceTree = "<group>"; };
		5D85FC5D1F45A37A008091E3 /* JGWebViewResources.bundle */ = {isa = PBXFileReference; lastKnownFileType = "wrapper.plug-in"; path = JGWebViewResources.bundle; sourceTree = "<group>"; };
		5D85FC5F1F45A37A008091E3 /* JGWebViewToolBar.h */ = {isa = PBXFileReference; fileEncoding = 4; lastKnownFileType = sourcecode.c.h; path = JGWebViewToolBar.h; sourceTree = "<group>"; };
		5D85FC601F45A37A008091E3 /* JGWebViewToolBar.m */ = {isa = PBXFileReference; fileEncoding = 4; lastKnownFileType = sourcecode.c.objc; path = JGWebViewToolBar.m; sourceTree = "<group>"; };
		5D85FC631F45A37A008091E3 /* JGWebViewDelegate.h */ = {isa = PBXFileReference; fileEncoding = 4; lastKnownFileType = sourcecode.c.h; path = JGWebViewDelegate.h; sourceTree = "<group>"; };
		5D85FC641F45A37A008091E3 /* JGWebViewUIDelegate.h */ = {isa = PBXFileReference; fileEncoding = 4; lastKnownFileType = sourcecode.c.h; path = JGWebViewUIDelegate.h; sourceTree = "<group>"; };
		5D85FC661F45A37A008091E3 /* JGWebViewFactory.h */ = {isa = PBXFileReference; fileEncoding = 4; lastKnownFileType = sourcecode.c.h; path = JGWebViewFactory.h; sourceTree = "<group>"; };
		5D85FC681F45A37A008091E3 /* JGWebView.h */ = {isa = PBXFileReference; fileEncoding = 4; lastKnownFileType = sourcecode.c.h; path = JGWebView.h; sourceTree = "<group>"; };
		5D85FC6C1F45A37A008091E3 /* JGUIWebViewFactory.h */ = {isa = PBXFileReference; fileEncoding = 4; lastKnownFileType = sourcecode.c.h; path = JGUIWebViewFactory.h; sourceTree = "<group>"; };
		5D85FC6D1F45A37A008091E3 /* JGUIWebViewFactory.m */ = {isa = PBXFileReference; fileEncoding = 4; lastKnownFileType = sourcecode.c.objc; path = JGUIWebViewFactory.m; sourceTree = "<group>"; };
		5D85FC6F1F45A37A008091E3 /* JGUIWebView.h */ = {isa = PBXFileReference; fileEncoding = 4; lastKnownFileType = sourcecode.c.h; path = JGUIWebView.h; sourceTree = "<group>"; };
		5D85FC701F45A37A008091E3 /* JGUIWebView.m */ = {isa = PBXFileReference; fileEncoding = 4; lastKnownFileType = sourcecode.c.objc; path = JGUIWebView.m; sourceTree = "<group>"; };
		5D85FC721F45A37A008091E3 /* NSHTTPCookie+JG.h */ = {isa = PBXFileReference; fileEncoding = 4; lastKnownFileType = sourcecode.c.h; path = "NSHTTPCookie+JG.h"; sourceTree = "<group>"; };
		5D85FC731F45A37A008091E3 /* NSHTTPCookie+JG.m */ = {isa = PBXFileReference; fileEncoding = 4; lastKnownFileType = sourcecode.c.objc; path = "NSHTTPCookie+JG.m"; sourceTree = "<group>"; };
		5D85FC741F45A37A008091E3 /* UIWebView+JG.h */ = {isa = PBXFileReference; fileEncoding = 4; lastKnownFileType = sourcecode.c.h; path = "UIWebView+JG.h"; sourceTree = "<group>"; };
		5D85FC751F45A37A008091E3 /* UIWebView+JG.m */ = {isa = PBXFileReference; fileEncoding = 4; lastKnownFileType = sourcecode.c.objc; path = "UIWebView+JG.m"; sourceTree = "<group>"; };
		5D85FC781F45A37A008091E3 /* JGWKWebViewFactory.h */ = {isa = PBXFileReference; fileEncoding = 4; lastKnownFileType = sourcecode.c.h; path = JGWKWebViewFactory.h; sourceTree = "<group>"; };
		5D85FC791F45A37A008091E3 /* JGWKWebViewFactory.m */ = {isa = PBXFileReference; fileEncoding = 4; lastKnownFileType = sourcecode.c.objc; path = JGWKWebViewFactory.m; sourceTree = "<group>"; };
		5D85FC7B1F45A37A008091E3 /* JGWKWebView.h */ = {isa = PBXFileReference; fileEncoding = 4; lastKnownFileType = sourcecode.c.h; path = JGWKWebView.h; sourceTree = "<group>"; };
		5D85FC7C1F45A37A008091E3 /* JGWKWebView.m */ = {isa = PBXFileReference; fileEncoding = 4; lastKnownFileType = sourcecode.c.objc; path = JGWKWebView.m; sourceTree = "<group>"; };
		5D85FC7E1F45A37A008091E3 /* JGWebViewController.h */ = {isa = PBXFileReference; fileEncoding = 4; lastKnownFileType = sourcecode.c.h; path = JGWebViewController.h; sourceTree = "<group>"; };
		5D85FC7F1F45A37A008091E3 /* JGWebViewController.m */ = {isa = PBXFileReference; fileEncoding = 4; lastKnownFileType = sourcecode.c.objc; path = JGWebViewController.m; sourceTree = "<group>"; };
/* End PBXFileReference section */

/* Begin PBXFrameworksBuildPhase section */
		5D1861D81F340058006F915B /* Frameworks */ = {
			isa = PBXFrameworksBuildPhase;
			buildActionMask = 2147483647;
			files = (
			);
			runOnlyForDeploymentPostprocessing = 0;
		};
		5D1861F11F340058006F915B /* Frameworks */ = {
			isa = PBXFrameworksBuildPhase;
			buildActionMask = 2147483647;
			files = (
			);
			runOnlyForDeploymentPostprocessing = 0;
		};
		5D1861FC1F340058006F915B /* Frameworks */ = {
			isa = PBXFrameworksBuildPhase;
			buildActionMask = 2147483647;
			files = (
			);
			runOnlyForDeploymentPostprocessing = 0;
		};
/* End PBXFrameworksBuildPhase section */

/* Begin PBXGroup section */
		5D1861D21F340058006F915B = {
			isa = PBXGroup;
			children = (
				5D1861DD1F340058006F915B /* JGWebView */,
				5D1861F71F340058006F915B /* JGWebViewTests */,
				5D1862021F340058006F915B /* JGWebViewUITests */,
				5D1861DC1F340058006F915B /* Products */,
			);
			sourceTree = "<group>";
		};
		5D1861DC1F340058006F915B /* Products */ = {
			isa = PBXGroup;
			children = (
				5D1861DB1F340058006F915B /* JGWebView.app */,
				5D1861F41F340058006F915B /* JGWebViewTests.xctest */,
				5D1861FF1F340058006F915B /* JGWebViewUITests.xctest */,
			);
			name = Products;
			sourceTree = "<group>";
		};
		5D1861DD1F340058006F915B /* JGWebView */ = {
			isa = PBXGroup;
			children = (
				5D85FC411F45A37A008091E3 /* JGWebViewLib */,
				5D1861E11F340058006F915B /* AppDelegate.h */,
				5D1861E21F340058006F915B /* AppDelegate.m */,
				5D1861E41F340058006F915B /* ViewController.h */,
				5D1861E51F340058006F915B /* ViewController.m */,
				5D15521A1F4446740032947F /* JGUIWebViewController.h */,
				5D15521B1F4446740032947F /* JGUIWebViewController.m */,
				5D15521D1F44467E0032947F /* JGWKWebViewController.h */,
				5D15521E1F44467E0032947F /* JGWKWebViewController.m */,
				5D85FBED1F458E1C008091E3 /* JGCustomToolBarVC.h */,
				5D85FBEE1F458E1C008091E3 /* JGCustomToolBarVC.m */,
				5D85FBF01F4599AC008091E3 /* JGWebViewNormalUseVC.h */,
				5D85FBF11F4599AC008091E3 /* JGWebViewNormalUseVC.m */,
				5D1861E71F340058006F915B /* Main.storyboard */,
				5D1861EA1F340058006F915B /* Assets.xcassets */,
				5D1861EC1F340058006F915B /* LaunchScreen.storyboard */,
				5D1861EF1F340058006F915B /* Info.plist */,
				5D1861DE1F340058006F915B /* Supporting Files */,
			);
			path = JGWebView;
			sourceTree = "<group>";
		};
		5D1861DE1F340058006F915B /* Supporting Files */ = {
			isa = PBXGroup;
			children = (
				5D1861DF1F340058006F915B /* main.m */,
			);
			name = "Supporting Files";
			sourceTree = "<group>";
		};
		5D1861F71F340058006F915B /* JGWebViewTests */ = {
			isa = PBXGroup;
			children = (
				5D1861F81F340058006F915B /* JGWebViewTests.m */,
				5D1861FA1F340058006F915B /* Info.plist */,
			);
			path = JGWebViewTests;
			sourceTree = "<group>";
		};
		5D1862021F340058006F915B /* JGWebViewUITests */ = {
			isa = PBXGroup;
			children = (
				5D1862031F340058006F915B /* JGWebViewUITests.m */,
				5D1862051F340058006F915B /* Info.plist */,
			);
			path = JGWebViewUITests;
			sourceTree = "<group>";
		};
		5D85FC411F45A37A008091E3 /* JGWebViewLib */ = {
			isa = PBXGroup;
			children = (
				5D85FC421F45A37A008091E3 /* JGLoadingViewLib */,
				5D85FC581F45A37A008091E3 /* JGWebView */,
				5D85FC7D1F45A37A008091E3 /* JGWebViewController */,
			);
			path = JGWebViewLib;
			sourceTree = "<group>";
		};
		5D85FC421F45A37A008091E3 /* JGLoadingViewLib */ = {
			isa = PBXGroup;
			children = (
				5D85FC431F45A37A008091E3 /* Engine */,
				5D85FC461F45A37A008091E3 /* JGLoadingView */,
				5D85FC551F45A37A008091E3 /* Protocol */,
			);
			path = JGLoadingViewLib;
			sourceTree = "<group>";
		};
		5D85FC431F45A37A008091E3 /* Engine */ = {
			isa = PBXGroup;
			children = (
				5D85FC441F45A37A008091E3 /* JGLoadingEngine.h */,
				5D85FC451F45A37A008091E3 /* JGLoadingEngine.m */,
			);
			path = Engine;
			sourceTree = "<group>";
		};
		5D85FC461F45A37A008091E3 /* JGLoadingView */ = {
			isa = PBXGroup;
			children = (
				5D85FC471F45A37A008091E3 /* JGLineLoadingView */,
				5D85FC4E1F45A37A008091E3 /* JGRoundLoadingView */,
			);
			path = JGLoadingView;
			sourceTree = "<group>";
		};
		5D85FC471F45A37A008091E3 /* JGLineLoadingView */ = {
			isa = PBXGroup;
			children = (
				5D85FC481F45A37A008091E3 /* Facory */,
				5D85FC4B1F45A37A008091E3 /* Views */,
			);
			path = JGLineLoadingView;
			sourceTree = "<group>";
		};
		5D85FC481F45A37A008091E3 /* Facory */ = {
			isa = PBXGroup;
			children = (
				5D85FC491F45A37A008091E3 /* JGLineLoadingFactory.h */,
				5D85FC4A1F45A37A008091E3 /* JGLineLoadingFactory.m */,
			);
			path = Facory;
			sourceTree = "<group>";
		};
		5D85FC4B1F45A37A008091E3 /* Views */ = {
			isa = PBXGroup;
			children = (
				5D85FC4C1F45A37A008091E3 /* JGLineLoadingView.h */,
				5D85FC4D1F45A37A008091E3 /* JGLineLoadingView.m */,
			);
			path = Views;
			sourceTree = "<group>";
		};
		5D85FC4E1F45A37A008091E3 /* JGRoundLoadingView */ = {
			isa = PBXGroup;
			children = (
				5D85FC4F1F45A37A008091E3 /* Facory */,
				5D85FC521F45A37A008091E3 /* Views */,
			);
			path = JGRoundLoadingView;
			sourceTree = "<group>";
		};
		5D85FC4F1F45A37A008091E3 /* Facory */ = {
			isa = PBXGroup;
			children = (
				5D85FC501F45A37A008091E3 /* JGRoundLoadingFactory.h */,
				5D85FC511F45A37A008091E3 /* JGRoundLoadingFactory.m */,
			);
			path = Facory;
			sourceTree = "<group>";
		};
		5D85FC521F45A37A008091E3 /* Views */ = {
			isa = PBXGroup;
			children = (
				5D85FC531F45A37A008091E3 /* JGRoundLoadingView.h */,
				5D85FC541F45A37A008091E3 /* JGRoundLoadingView.m */,
			);
			path = Views;
			sourceTree = "<group>";
		};
		5D85FC551F45A37A008091E3 /* Protocol */ = {
			isa = PBXGroup;
			children = (
				5D85FC561F45A37A008091E3 /* JGLoadingFactory.h */,
				5D85FC571F45A37A008091E3 /* JGLoadingView.h */,
			);
			path = Protocol;
			sourceTree = "<group>";
		};
		5D85FC581F45A37A008091E3 /* JGWebView */ = {
			isa = PBXGroup;
			children = (
				5D85FC591F45A37A008091E3 /* Engine */,
				5D85FC5C1F45A37A008091E3 /* JGWebViewResources */,
				5D85FC5E1F45A37A008091E3 /* JGWebViewToolBar */,
				5D85FC611F45A37A008091E3 /* Protocol */,
				5D85FC691F45A37A008091E3 /* WebView */,
			);
			path = JGWebView;
			sourceTree = "<group>";
		};
		5D85FC591F45A37A008091E3 /* Engine */ = {
			isa = PBXGroup;
			children = (
				5D85FC5A1F45A37A008091E3 /* JGWebViewEngine.h */,
				5D85FC5B1F45A37A008091E3 /* JGWebViewEngine.m */,
			);
			path = Engine;
			sourceTree = "<group>";
		};
		5D85FC5C1F45A37A008091E3 /* JGWebViewResources */ = {
			isa = PBXGroup;
			children = (
				5D85FC5D1F45A37A008091E3 /* JGWebViewResources.bundle */,
			);
			path = JGWebViewResources;
			sourceTree = "<group>";
		};
		5D85FC5E1F45A37A008091E3 /* JGWebViewToolBar */ = {
			isa = PBXGroup;
			children = (
				5D85FC5F1F45A37A008091E3 /* JGWebViewToolBar.h */,
				5D85FC601F45A37A008091E3 /* JGWebViewToolBar.m */,
			);
			path = JGWebViewToolBar;
			sourceTree = "<group>";
		};
		5D85FC611F45A37A008091E3 /* Protocol */ = {
			isa = PBXGroup;
			children = (
				5D85FC621F45A37A008091E3 /* Delegate */,
				5D85FC651F45A37A008091E3 /* Factory */,
				5D85FC671F45A37A008091E3 /* WebView */,
			);
			path = Protocol;
			sourceTree = "<group>";
		};
		5D85FC621F45A37A008091E3 /* Delegate */ = {
			isa = PBXGroup;
			children = (
				5D85FC631F45A37A008091E3 /* JGWebViewDelegate.h */,
				5D85FC641F45A37A008091E3 /* JGWebViewUIDelegate.h */,
			);
			path = Delegate;
			sourceTree = "<group>";
		};
		5D85FC651F45A37A008091E3 /* Factory */ = {
			isa = PBXGroup;
			children = (
				5D85FC661F45A37A008091E3 /* JGWebViewFactory.h */,
			);
			path = Factory;
			sourceTree = "<group>";
		};
		5D85FC671F45A37A008091E3 /* WebView */ = {
			isa = PBXGroup;
			children = (
				5D85FC681F45A37A008091E3 /* JGWebView.h */,
			);
			path = WebView;
			sourceTree = "<group>";
		};
		5D85FC691F45A37A008091E3 /* WebView */ = {
			isa = PBXGroup;
			children = (
				5D85FC6A1F45A37A008091E3 /* UIWebView */,
				5D85FC711F45A37A008091E3 /* WebViewCategory */,
				5D85FC761F45A37A008091E3 /* WKWebView */,
			);
			path = WebView;
			sourceTree = "<group>";
		};
		5D85FC6A1F45A37A008091E3 /* UIWebView */ = {
			isa = PBXGroup;
			children = (
				5D85FC6B1F45A37A008091E3 /* Factory */,
				5D85FC6E1F45A37A008091E3 /* WebView */,
			);
			path = UIWebView;
			sourceTree = "<group>";
		};
		5D85FC6B1F45A37A008091E3 /* Factory */ = {
			isa = PBXGroup;
			children = (
				5D85FC6C1F45A37A008091E3 /* JGUIWebViewFactory.h */,
				5D85FC6D1F45A37A008091E3 /* JGUIWebViewFactory.m */,
			);
			path = Factory;
			sourceTree = "<group>";
		};
		5D85FC6E1F45A37A008091E3 /* WebView */ = {
			isa = PBXGroup;
			children = (
				5D85FC6F1F45A37A008091E3 /* JGUIWebView.h */,
				5D85FC701F45A37A008091E3 /* JGUIWebView.m */,
			);
			path = WebView;
			sourceTree = "<group>";
		};
		5D85FC711F45A37A008091E3 /* WebViewCategory */ = {
			isa = PBXGroup;
			children = (
				5D85FC721F45A37A008091E3 /* NSHTTPCookie+JG.h */,
				5D85FC731F45A37A008091E3 /* NSHTTPCookie+JG.m */,
				5D85FC741F45A37A008091E3 /* UIWebView+JG.h */,
				5D85FC751F45A37A008091E3 /* UIWebView+JG.m */,
			);
			path = WebViewCategory;
			sourceTree = "<group>";
		};
		5D85FC761F45A37A008091E3 /* WKWebView */ = {
			isa = PBXGroup;
			children = (
				5D85FC771F45A37A008091E3 /* Factory */,
				5D85FC7A1F45A37A008091E3 /* WebView */,
			);
			path = WKWebView;
			sourceTree = "<group>";
		};
		5D85FC771F45A37A008091E3 /* Factory */ = {
			isa = PBXGroup;
			children = (
				5D85FC781F45A37A008091E3 /* JGWKWebViewFactory.h */,
				5D85FC791F45A37A008091E3 /* JGWKWebViewFactory.m */,
			);
			path = Factory;
			sourceTree = "<group>";
		};
		5D85FC7A1F45A37A008091E3 /* WebView */ = {
			isa = PBXGroup;
			children = (
				5D85FC7B1F45A37A008091E3 /* JGWKWebView.h */,
				5D85FC7C1F45A37A008091E3 /* JGWKWebView.m */,
			);
			path = WebView;
			sourceTree = "<group>";
		};
		5D85FC7D1F45A37A008091E3 /* JGWebViewController */ = {
			isa = PBXGroup;
			children = (
				5D85FC7E1F45A37A008091E3 /* JGWebViewController.h */,
				5D85FC7F1F45A37A008091E3 /* JGWebViewController.m */,
			);
			path = JGWebViewController;
			sourceTree = "<group>";
		};
/* End PBXGroup section */

/* Begin PBXNativeTarget section */
		5D1861DA1F340058006F915B /* JGWebView */ = {
			isa = PBXNativeTarget;
			buildConfigurationList = 5D1862081F340058006F915B /* Build configuration list for PBXNativeTarget "JGWebView" */;
			buildPhases = (
				5D1861D71F340058006F915B /* Sources */,
				5D1861D81F340058006F915B /* Frameworks */,
				5D1861D91F340058006F915B /* Resources */,
			);
			buildRules = (
			);
			dependencies = (
			);
			name = JGWebView;
			productName = JGWebView;
			productReference = 5D1861DB1F340058006F915B /* JGWebView.app */;
			productType = "com.apple.product-type.application";
		};
		5D1861F31F340058006F915B /* JGWebViewTests */ = {
			isa = PBXNativeTarget;
			buildConfigurationList = 5D18620B1F340058006F915B /* Build configuration list for PBXNativeTarget "JGWebViewTests" */;
			buildPhases = (
				5D1861F01F340058006F915B /* Sources */,
				5D1861F11F340058006F915B /* Frameworks */,
				5D1861F21F340058006F915B /* Resources */,
			);
			buildRules = (
			);
			dependencies = (
				5D1861F61F340058006F915B /* PBXTargetDependency */,
			);
			name = JGWebViewTests;
			productName = JGWebViewTests;
			productReference = 5D1861F41F340058006F915B /* JGWebViewTests.xctest */;
			productType = "com.apple.product-type.bundle.unit-test";
		};
		5D1861FE1F340058006F915B /* JGWebViewUITests */ = {
			isa = PBXNativeTarget;
			buildConfigurationList = 5D18620E1F340058006F915B /* Build configuration list for PBXNativeTarget "JGWebViewUITests" */;
			buildPhases = (
				5D1861FB1F340058006F915B /* Sources */,
				5D1861FC1F340058006F915B /* Frameworks */,
				5D1861FD1F340058006F915B /* Resources */,
			);
			buildRules = (
			);
			dependencies = (
				5D1862011F340058006F915B /* PBXTargetDependency */,
			);
			name = JGWebViewUITests;
			productName = JGWebViewUITests;
			productReference = 5D1861FF1F340058006F915B /* JGWebViewUITests.xctest */;
			productType = "com.apple.product-type.bundle.ui-testing";
		};
/* End PBXNativeTarget section */

/* Begin PBXProject section */
		5D1861D31F340058006F915B /* Project object */ = {
			isa = PBXProject;
			attributes = {
				LastUpgradeCheck = 0810;
				ORGANIZATIONNAME = FCG;
				TargetAttributes = {
					5D1861DA1F340058006F915B = {
						CreatedOnToolsVersion = 8.1;
						DevelopmentTeam = VHCW3WS893;
						ProvisioningStyle = Automatic;
					};
					5D1861F31F340058006F915B = {
						CreatedOnToolsVersion = 8.1;
						DevelopmentTeam = VHCW3WS893;
						ProvisioningStyle = Automatic;
						TestTargetID = 5D1861DA1F340058006F915B;
					};
					5D1861FE1F340058006F915B = {
						CreatedOnToolsVersion = 8.1;
						DevelopmentTeam = VHCW3WS893;
						ProvisioningStyle = Automatic;
						TestTargetID = 5D1861DA1F340058006F915B;
					};
				};
			};
			buildConfigurationList = 5D1861D61F340058006F915B /* Build configuration list for PBXProject "JGWebView" */;
			compatibilityVersion = "Xcode 3.2";
			developmentRegion = English;
			hasScannedForEncodings = 0;
			knownRegions = (
				en,
				Base,
			);
			mainGroup = 5D1861D21F340058006F915B;
			productRefGroup = 5D1861DC1F340058006F915B /* Products */;
			projectDirPath = "";
			projectRoot = "";
			targets = (
				5D1861DA1F340058006F915B /* JGWebView */,
				5D1861F31F340058006F915B /* JGWebViewTests */,
				5D1861FE1F340058006F915B /* JGWebViewUITests */,
			);
		};
/* End PBXProject section */

/* Begin PBXResourcesBuildPhase section */
		5D1861D91F340058006F915B /* Resources */ = {
			isa = PBXResourcesBuildPhase;
			buildActionMask = 2147483647;
			files = (
				5D1861EE1F340058006F915B /* LaunchScreen.storyboard in Resources */,
				5D1861EB1F340058006F915B /* Assets.xcassets in Resources */,
				5D85FC861F45A37A008091E3 /* JGWebViewResources.bundle in Resources */,
				5D1861E91F340058006F915B /* Main.storyboard in Resources */,
			);
			runOnlyForDeploymentPostprocessing = 0;
		};
		5D1861F21F340058006F915B /* Resources */ = {
			isa = PBXResourcesBuildPhase;
			buildActionMask = 2147483647;
			files = (
			);
			runOnlyForDeploymentPostprocessing = 0;
		};
		5D1861FD1F340058006F915B /* Resources */ = {
			isa = PBXResourcesBuildPhase;
			buildActionMask = 2147483647;
			files = (
			);
			runOnlyForDeploymentPostprocessing = 0;
		};
/* End PBXResourcesBuildPhase section */

/* Begin PBXSourcesBuildPhase section */
		5D1861D71F340058006F915B /* Sources */ = {
			isa = PBXSourcesBuildPhase;
			buildActionMask = 2147483647;
			files = (
				5D85FC8B1F45A37A008091E3 /* UIWebView+JG.m in Sources */,
				5D85FC8E1F45A37A008091E3 /* JGWebViewController.m in Sources */,
				5D85FC891F45A37A008091E3 /* JGUIWebView.m in Sources */,
				5D85FBF21F4599AC008091E3 /* JGWebViewNormalUseVC.m in Sources */,
				5D85FC811F45A37A008091E3 /* JGLineLoadingFactory.m in Sources */,
				5D85FC8D1F45A37A008091E3 /* JGWKWebView.m in Sources */,
				5D85FC831F45A37A008091E3 /* JGRoundLoadingFactory.m in Sources */,
				5D85FC801F45A37A008091E3 /* JGLoadingEngine.m in Sources */,
				5D85FC871F45A37A008091E3 /* JGWebViewToolBar.m in Sources */,
				5D15521C1F4446740032947F /* JGUIWebViewController.m in Sources */,
				5D85FC821F45A37A008091E3 /* JGLineLoadingView.m in Sources */,
				5D1861E61F340058006F915B /* ViewController.m in Sources */,
				5D85FC851F45A37A008091E3 /* JGWebViewEngine.m in Sources */,
				5D1861E31F340058006F915B /* AppDelegate.m in Sources */,
				5D15521F1F44467E0032947F /* JGWKWebViewController.m in Sources */,
				5D85FC841F45A37A008091E3 /* JGRoundLoadingView.m in Sources */,
				5D85FC8C1F45A37A008091E3 /* JGWKWebViewFactory.m in Sources */,
				5D85FBEF1F458E1C008091E3 /* JGCustomToolBarVC.m in Sources */,
				5D1861E01F340058006F915B /* main.m in Sources */,
				5D85FC881F45A37A008091E3 /* JGUIWebViewFactory.m in Sources */,
				5D85FC8A1F45A37A008091E3 /* NSHTTPCookie+JG.m in Sources */,
			);
			runOnlyForDeploymentPostprocessing = 0;
		};
		5D1861F01F340058006F915B /* Sources */ = {
			isa = PBXSourcesBuildPhase;
			buildActionMask = 2147483647;
			files = (
				5D1861F91F340058006F915B /* JGWebViewTests.m in Sources */,
			);
			runOnlyForDeploymentPostprocessing = 0;
		};
		5D1861FB1F340058006F915B /* Sources */ = {
			isa = PBXSourcesBuildPhase;
			buildActionMask = 2147483647;
			files = (
				5D1862041F340058006F915B /* JGWebViewUITests.m in Sources */,
			);
			runOnlyForDeploymentPostprocessing = 0;
		};
/* End PBXSourcesBuildPhase section */

/* Begin PBXTargetDependency section */
		5D1861F61F340058006F915B /* PBXTargetDependency */ = {
			isa = PBXTargetDependency;
			target = 5D1861DA1F340058006F915B /* JGWebView */;
			targetProxy = 5D1861F51F340058006F915B /* PBXContainerItemProxy */;
		};
		5D1862011F340058006F915B /* PBXTargetDependency */ = {
			isa = PBXTargetDependency;
			target = 5D1861DA1F340058006F915B /* JGWebView */;
			targetProxy = 5D1862001F340058006F915B /* PBXContainerItemProxy */;
		};
/* End PBXTargetDependency section */

/* Begin PBXVariantGroup section */
		5D1861E71F340058006F915B /* Main.storyboard */ = {
			isa = PBXVariantGroup;
			children = (
				5D1861E81F340058006F915B /* Base */,
			);
			name = Main.storyboard;
			sourceTree = "<group>";
		};
		5D1861EC1F340058006F915B /* LaunchScreen.storyboard */ = {
			isa = PBXVariantGroup;
			children = (
				5D1861ED1F340058006F915B /* Base */,
			);
			name = LaunchScreen.storyboard;
			sourceTree = "<group>";
		};
/* End PBXVariantGroup section */

/* Begin XCBuildConfiguration section */
		5D1862061F340058006F915B /* Debug */ = {
			isa = XCBuildConfiguration;
			buildSettings = {
				ALWAYS_SEARCH_USER_PATHS = NO;
				CLANG_ANALYZER_NONNULL = YES;
				CLANG_CXX_LANGUAGE_STANDARD = "gnu++0x";
				CLANG_CXX_LIBRARY = "libc++";
				CLANG_ENABLE_MODULES = YES;
				CLANG_ENABLE_OBJC_ARC = YES;
				CLANG_WARN_BOOL_CONVERSION = YES;
				CLANG_WARN_CONSTANT_CONVERSION = YES;
				CLANG_WARN_DIRECT_OBJC_ISA_USAGE = YES_ERROR;
				CLANG_WARN_DOCUMENTATION_COMMENTS = YES;
				CLANG_WARN_EMPTY_BODY = YES;
				CLANG_WARN_ENUM_CONVERSION = YES;
				CLANG_WARN_INFINITE_RECURSION = YES;
				CLANG_WARN_INT_CONVERSION = YES;
				CLANG_WARN_OBJC_ROOT_CLASS = YES_ERROR;
				CLANG_WARN_SUSPICIOUS_MOVES = YES;
				CLANG_WARN_UNREACHABLE_CODE = YES;
				CLANG_WARN__DUPLICATE_METHOD_MATCH = YES;
				"CODE_SIGN_IDENTITY[sdk=iphoneos*]" = "iPhone Developer";
				COPY_PHASE_STRIP = NO;
				DEBUG_INFORMATION_FORMAT = dwarf;
				ENABLE_STRICT_OBJC_MSGSEND = YES;
				ENABLE_TESTABILITY = YES;
				GCC_C_LANGUAGE_STANDARD = gnu99;
				GCC_DYNAMIC_NO_PIC = NO;
				GCC_NO_COMMON_BLOCKS = YES;
				GCC_OPTIMIZATION_LEVEL = 0;
				GCC_PREPROCESSOR_DEFINITIONS = (
					"DEBUG=1",
					"$(inherited)",
				);
				GCC_WARN_64_TO_32_BIT_CONVERSION = YES;
				GCC_WARN_ABOUT_RETURN_TYPE = YES_ERROR;
				GCC_WARN_UNDECLARED_SELECTOR = YES;
				GCC_WARN_UNINITIALIZED_AUTOS = YES_AGGRESSIVE;
				GCC_WARN_UNUSED_FUNCTION = YES;
				GCC_WARN_UNUSED_VARIABLE = YES;
				IPHONEOS_DEPLOYMENT_TARGET = 10.1;
				MTL_ENABLE_DEBUG_INFO = YES;
				ONLY_ACTIVE_ARCH = YES;
				SDKROOT = iphoneos;
			};
			name = Debug;
		};
		5D1862071F340058006F915B /* Release */ = {
			isa = XCBuildConfiguration;
			buildSettings = {
				ALWAYS_SEARCH_USER_PATHS = NO;
				CLANG_ANALYZER_NONNULL = YES;
				CLANG_CXX_LANGUAGE_STANDARD = "gnu++0x";
				CLANG_CXX_LIBRARY = "libc++";
				CLANG_ENABLE_MODULES = YES;
				CLANG_ENABLE_OBJC_ARC = YES;
				CLANG_WARN_BOOL_CONVERSION = YES;
				CLANG_WARN_CONSTANT_CONVERSION = YES;
				CLANG_WARN_DIRECT_OBJC_ISA_USAGE = YES_ERROR;
				CLANG_WARN_DOCUMENTATION_COMMENTS = YES;
				CLANG_WARN_EMPTY_BODY = YES;
				CLANG_WARN_ENUM_CONVERSION = YES;
				CLANG_WARN_INFINITE_RECURSION = YES;
				CLANG_WARN_INT_CONVERSION = YES;
				CLANG_WARN_OBJC_ROOT_CLASS = YES_ERROR;
				CLANG_WARN_SUSPICIOUS_MOVES = YES;
				CLANG_WARN_UNREACHABLE_CODE = YES;
				CLANG_WARN__DUPLICATE_METHOD_MATCH = YES;
				"CODE_SIGN_IDENTITY[sdk=iphoneos*]" = "iPhone Developer";
				COPY_PHASE_STRIP = NO;
				DEBUG_INFORMATION_FORMAT = "dwarf-with-dsym";
				ENABLE_NS_ASSERTIONS = NO;
				ENABLE_STRICT_OBJC_MSGSEND = YES;
				GCC_C_LANGUAGE_STANDARD = gnu99;
				GCC_NO_COMMON_BLOCKS = YES;
				GCC_WARN_64_TO_32_BIT_CONVERSION = YES;
				GCC_WARN_ABOUT_RETURN_TYPE = YES_ERROR;
				GCC_WARN_UNDECLARED_SELECTOR = YES;
				GCC_WARN_UNINITIALIZED_AUTOS = YES_AGGRESSIVE;
				GCC_WARN_UNUSED_FUNCTION = YES;
				GCC_WARN_UNUSED_VARIABLE = YES;
				IPHONEOS_DEPLOYMENT_TARGET = 10.1;
				MTL_ENABLE_DEBUG_INFO = NO;
				SDKROOT = iphoneos;
				VALIDATE_PRODUCT = YES;
			};
			name = Release;
		};
		5D1862091F340058006F915B /* Debug */ = {
			isa = XCBuildConfiguration;
			buildSettings = {
				ASSETCATALOG_COMPILER_APPICON_NAME = AppIcon;
				DEVELOPMENT_TEAM = VHCW3WS893;
				INFOPLIST_FILE = JGWebView/Info.plist;
				LD_RUNPATH_SEARCH_PATHS = "$(inherited) @executable_path/Frameworks";
				PRODUCT_BUNDLE_IDENTIFIER = com.shoucainu8.shoucainu.JGWebView;
				PRODUCT_NAME = "$(TARGET_NAME)";
			};
			name = Debug;
		};
		5D18620A1F340058006F915B /* Release */ = {
			isa = XCBuildConfiguration;
			buildSettings = {
				ASSETCATALOG_COMPILER_APPICON_NAME = AppIcon;
				DEVELOPMENT_TEAM = VHCW3WS893;
				INFOPLIST_FILE = JGWebView/Info.plist;
				LD_RUNPATH_SEARCH_PATHS = "$(inherited) @executable_path/Frameworks";
				PRODUCT_BUNDLE_IDENTIFIER = com.shoucainu8.shoucainu.JGWebView;
				PRODUCT_NAME = "$(TARGET_NAME)";
			};
			name = Release;
		};
		5D18620C1F340058006F915B /* Debug */ = {
			isa = XCBuildConfiguration;
			buildSettings = {
				BUNDLE_LOADER = "$(TEST_HOST)";
				DEVELOPMENT_TEAM = VHCW3WS893;
				INFOPLIST_FILE = JGWebViewTests/Info.plist;
				LD_RUNPATH_SEARCH_PATHS = "$(inherited) @executable_path/Frameworks @loader_path/Frameworks";
				PRODUCT_BUNDLE_IDENTIFIER = com.shoucainu8.shoucainu.JGWebViewTests;
				PRODUCT_NAME = "$(TARGET_NAME)";
				TEST_HOST = "$(BUILT_PRODUCTS_DIR)/JGWebView.app/JGWebView";
			};
			name = Debug;
		};
		5D18620D1F340058006F915B /* Release */ = {
			isa = XCBuildConfiguration;
			buildSettings = {
				BUNDLE_LOADER = "$(TEST_HOST)";
				DEVELOPMENT_TEAM = VHCW3WS893;
				INFOPLIST_FILE = JGWebViewTests/Info.plist;
				LD_RUNPATH_SEARCH_PATHS = "$(inherited) @executable_path/Frameworks @loader_path/Frameworks";
				PRODUCT_BUNDLE_IDENTIFIER = com.shoucainu8.shoucainu.JGWebViewTests;
				PRODUCT_NAME = "$(TARGET_NAME)";
				TEST_HOST = "$(BUILT_PRODUCTS_DIR)/JGWebView.app/JGWebView";
			};
			name = Release;
		};
		5D18620F1F340058006F915B /* Debug */ = {
			isa = XCBuildConfiguration;
			buildSettings = {
				DEVELOPMENT_TEAM = VHCW3WS893;
				INFOPLIST_FILE = JGWebViewUITests/Info.plist;
				LD_RUNPATH_SEARCH_PATHS = "$(inherited) @executable_path/Frameworks @loader_path/Frameworks";
				PRODUCT_BUNDLE_IDENTIFIER = com.shoucainu8.shoucainu.JGWebViewUITests;
				PRODUCT_NAME = "$(TARGET_NAME)";
				TEST_TARGET_NAME = JGWebView;
			};
			name = Debug;
		};
		5D1862101F340058006F915B /* Release */ = {
			isa = XCBuildConfiguration;
			buildSettings = {
				DEVELOPMENT_TEAM = VHCW3WS893;
				INFOPLIST_FILE = JGWebViewUITests/Info.plist;
				LD_RUNPATH_SEARCH_PATHS = "$(inherited) @executable_path/Frameworks @loader_path/Frameworks";
				PRODUCT_BUNDLE_IDENTIFIER = com.shoucainu8.shoucainu.JGWebViewUITests;
				PRODUCT_NAME = "$(TARGET_NAME)";
				TEST_TARGET_NAME = JGWebView;
			};
			name = Release;
		};
/* End XCBuildConfiguration section */

/* Begin XCConfigurationList section */
		5D1861D61F340058006F915B /* Build configuration list for PBXProject "JGWebView" */ = {
			isa = XCConfigurationList;
			buildConfigurations = (
				5D1862061F340058006F915B /* Debug */,
				5D1862071F340058006F915B /* Release */,
			);
			defaultConfigurationIsVisible = 0;
			defaultConfigurationName = Release;
		};
		5D1862081F340058006F915B /* Build configuration list for PBXNativeTarget "JGWebView" */ = {
			isa = XCConfigurationList;
			buildConfigurations = (
				5D1862091F340058006F915B /* Debug */,
				5D18620A1F340058006F915B /* Release */,
			);
			defaultConfigurationIsVisible = 0;
			defaultConfigurationName = Release;
		};
		5D18620B1F340058006F915B /* Build configuration list for PBXNativeTarget "JGWebViewTests" */ = {
			isa = XCConfigurationList;
			buildConfigurations = (
				5D18620C1F340058006F915B /* Debug */,
				5D18620D1F340058006F915B /* Release */,
			);
			defaultConfigurationIsVisible = 0;
			defaultConfigurationName = Release;
		};
		5D18620E1F340058006F915B /* Build configuration list for PBXNativeTarget "JGWebViewUITests" */ = {
			isa = XCConfigurationList;
			buildConfigurations = (
				5D18620F1F340058006F915B /* Debug */,
				5D1862101F340058006F915B /* Release */,
			);
			defaultConfigurationIsVisible = 0;
			defaultConfigurationName = Release;
		};
/* End XCConfigurationList section */
	};
	rootObject = 5D1861D31F340058006F915B /* Project object */;
}
